
Microsoft Visual Studio Solution File, Format Version 12.00
# Visual Studio Version 16
VisualStudioVersion = 16.0.30011.22
MinimumVisualStudioVersion = 10.0.40219.1
Project("{FAE04EC0-301F-11D3-BF4B-00C04F79EFBC}") = "pwnedpasswords", "pwnedpasswords.csproj", "{5A13E424-AD19-4548-BA89-3F72F134CB27}"
EndProject
Global
	GlobalSection(SolutionConfigurationPlatforms) = preSolution
		Debug|Any CPU = Debug|Any CPU
		Release|Any CPU = Release|Any CPU
	EndGlobalSection
	GlobalSection(ProjectConfigurationPlatforms) = postSolution
		{5A13E424-AD19-4548-BA89-3F72F134CB27}.Debug|Any CPU.ActiveCfg = Debug|Any CPU
		{5A13E424-AD19-4548-BA89-3F72F134CB27}.Debug|Any CPU.Build.0 = Debug|Any CPU
		{5A13E424-AD19-4548-BA89-3F72F134CB27}.Release|Any CPU.ActiveCfg = Release|Any CPU
		{5A13E424-AD19-4548-BA89-3F72F134CB27}.Release|Any CPU.Build.0 = Release|Any CPU
	EndGlobalSection
	GlobalSection(SolutionProperties) = preSolution
		HideSolutionNode = FALSE
	EndGlobalSection
	GlobalSection(ExtensibilityGlobals) = postSolution
		SolutionGuid = {F522A192-6D14-4E97-A109-C95B490CAC41}
	EndGlobalSection
EndGlobal
